PODS:
  - Alamofire (3.4.2)
  - FDFullscreenPopGesture (1.1)
  - Kingfisher (2.5.1)
  - MJRefresh (3.1.12)
  - SnapKit (0.22.0)
  - SVProgressHUD (2.0.3)
  - SwiftyJSON (2.3.2)

DEPENDENCIES:
  - Alamofire
  - FDFullscreenPopGesture (~> 1.1)
  - Kingfisher
  - MJRefresh
  - SnapKit
  - SVProgressHUD
  - SwiftyJSON

SPEC CHECKSUMS:
  Alamofire: 6aa33201d20d069e1598891cf928883ff1888c7a
  FDFullscreenPopGesture: a8a620179e3d9c40e8e00256dcee1c1a27c6d0f0
  Kingfisher: 9b82e0e1f1a296f149a50bbc2214532eaa4df4f1
  MJRefresh: b96cdb21c4aa75a7b07654311ab2f315c497e806
  SnapKit: 0dd2fd157330f1ea11fd84da13e6be8a7a22bae0
  SVProgressHUD: b0830714205bea1317ea1a2ebc71e5633af334d4
  SwiftyJSON: 04ccea08915aa0109039157c7974cf0298da292a

COCOAPODS: 0.39.0
